
Microsoft Visual Studio Solution File, Format Version 12.00
# Visual Studio Version 17
VisualStudioVersion = 17.14.36518.9
MinimumVisualStudioVersion = 10.0.40219.1
Project("{FAE04EC0-301F-11D3-BF4B-00C04F79EFBC}") = "SistemaLocadoraCarros", "SistemaLocadoraCarros\SistemaLocadoraCarros.csproj", "{F52FCE1D-0049-4323-A588-48978A0753B5}"
EndProject
Project("{FAE04EC0-301F-11D3-BF4B-00C04F79EFBC}") = "ResolucaoEmSala", "ResolucaoEmSala\ResolucaoEmSala.csproj", "{2C797814-EBEA-4688-A3E8-F4DAFF59E308}"
EndProject
Project("{FAE04EC0-301F-11D3-BF4B-00C04F79EFBC}") = "Resolucao", "Resolucao\Resolucao.csproj", "{AAF83584-F2FB-A0C0-4E59-921739FF0617}"
EndProject
Project("{FAE04EC0-301F-11D3-BF4B-00C04F79EFBC}") = "ResolucaoSala", "ResolucaoSala\ResolucaoSala.csproj", "{039E2201-34DC-1AE2-E8FD-5D3B176C3945}"
EndProject
Global
	GlobalSection(SolutionConfigurationPlatforms) = preSolution
		Debug|Any CPU = Debug|Any CPU
		Release|Any CPU = Release|Any CPU
	EndGlobalSection
	GlobalSection(ProjectConfigurationPlatforms) = postSolution
		{F52FCE1D-0049-4323-A588-48978A0753B5}.Debug|Any CPU.ActiveCfg = Debug|Any CPU
		{F52FCE1D-0049-4323-A588-48978A0753B5}.Debug|Any CPU.Build.0 = Debug|Any CPU
		{F52FCE1D-0049-4323-A588-48978A0753B5}.Release|Any CPU.ActiveCfg = Release|Any CPU
		{F52FCE1D-0049-4323-A588-48978A0753B5}.Release|Any CPU.Build.0 = Release|Any CPU
		{2C797814-EBEA-4688-A3E8-F4DAFF59E308}.Debug|Any CPU.ActiveCfg = Debug|Any CPU
		{2C797814-EBEA-4688-A3E8-F4DAFF59E308}.Debug|Any CPU.Build.0 = Debug|Any CPU
		{2C797814-EBEA-4688-A3E8-F4DAFF59E308}.Release|Any CPU.ActiveCfg = Release|Any CPU
		{2C797814-EBEA-4688-A3E8-F4DAFF59E308}.Release|Any CPU.Build.0 = Release|Any CPU
		{AAF83584-F2FB-A0C0-4E59-921739FF0617}.Debug|Any CPU.ActiveCfg = Debug|Any CPU
		{AAF83584-F2FB-A0C0-4E59-921739FF0617}.Debug|Any CPU.Build.0 = Debug|Any CPU
		{AAF83584-F2FB-A0C0-4E59-921739FF0617}.Release|Any CPU.ActiveCfg = Release|Any CPU
		{AAF83584-F2FB-A0C0-4E59-921739FF0617}.Release|Any CPU.Build.0 = Release|Any CPU
		{039E2201-34DC-1AE2-E8FD-5D3B176C3945}.Debug|Any CPU.ActiveCfg = Debug|Any CPU
		{039E2201-34DC-1AE2-E8FD-5D3B176C3945}.Debug|Any CPU.Build.0 = Debug|Any CPU
		{039E2201-34DC-1AE2-E8FD-5D3B176C3945}.Release|Any CPU.ActiveCfg = Release|Any CPU
		{039E2201-34DC-1AE2-E8FD-5D3B176C3945}.Release|Any CPU.Build.0 = Release|Any CPU
	EndGlobalSection
	GlobalSection(SolutionProperties) = preSolution
		HideSolutionNode = FALSE
	EndGlobalSection
	GlobalSection(ExtensibilityGlobals) = postSolution
		SolutionGuid = {0F39E5C2-8E63-494F-BFDB-B362918AA387}
	EndGlobalSection
EndGlobal
